
Microsoft Visual Studio Solution File, Format Version 12.00
# Visual Studio Version 17
VisualStudioVersion = 17.4.33213.308
MinimumVisualStudioVersion = 10.0.40219.1
Project("{FAE04EC0-301F-11D3-BF4B-00C04F79EFBC}") = "AUTH.API", "AUTH.API\AUTH.API.csproj", "{047592DE-7FBE-4509-B22B-FBFE6D197CB4}"
EndProject
Project("{FAE04EC0-301F-11D3-BF4B-00C04F79EFBC}") = "AUTH.Biz", "AUTH.Biz\AUTH.Biz.csproj", "{88ADBBF0-3CAB-4D1E-8A3C-207DA0E54958}"
EndProject
Global
	GlobalSection(SolutionConfigurationPlatforms) = preSolution
		Debug|Any CPU = Debug|Any CPU
		Release|Any CPU = Release|Any CPU
	EndGlobalSection
	GlobalSection(ProjectConfigurationPlatforms) = postSolution
		{047592DE-7FBE-4509-B22B-FBFE6D197CB4}.Debug|Any CPU.ActiveCfg = Debug|Any CPU
		{047592DE-7FBE-4509-B22B-FBFE6D197CB4}.Debug|Any CPU.Build.0 = Debug|Any CPU
		{047592DE-7FBE-4509-B22B-FBFE6D197CB4}.Release|Any CPU.ActiveCfg = Release|Any CPU
		{047592DE-7FBE-4509-B22B-FBFE6D197CB4}.Release|Any CPU.Build.0 = Release|Any CPU
		{88ADBBF0-3CAB-4D1E-8A3C-207DA0E54958}.Debug|Any CPU.ActiveCfg = Debug|Any CPU
		{88ADBBF0-3CAB-4D1E-8A3C-207DA0E54958}.Debug|Any CPU.Build.0 = Debug|Any CPU
		{88ADBBF0-3CAB-4D1E-8A3C-207DA0E54958}.Release|Any CPU.ActiveCfg = Release|Any CPU
		{88ADBBF0-3CAB-4D1E-8A3C-207DA0E54958}.Release|Any CPU.Build.0 = Release|Any CPU
	EndGlobalSection
	GlobalSection(SolutionProperties) = preSolution
		HideSolutionNode = FALSE
	EndGlobalSection
	GlobalSection(ExtensibilityGlobals) = postSolution
		SolutionGuid = {BF5FDFBF-1023-462D-B55C-3E925F616E5A}
	EndGlobalSection
EndGlobal
